
Microsoft Visual Studio Solution File, Format Version 12.00
# Visual Studio Version 17
VisualStudioVersion = 17.14.36518.9
MinimumVisualStudioVersion = 10.0.40219.1
Project("{FAE04EC0-301F-11D3-BF4B-00C04F79EFBC}") = "ConsoleApp2", "..\ConsoleApp2\ConsoleApp2.csproj", "{7A1D1A95-9E44-4EDD-8EE0-2434FEDD0234}"
EndProject
Project("{FAE04EC0-301F-11D3-BF4B-00C04F79EFBC}") = "ETL.Domian", "..\ETL.Domian\ETL.Domian.csproj", "{BE3ADE95-F5D9-4C5F-8C98-34B2B5108D58}"
EndProject
Project("{FAE04EC0-301F-11D3-BF4B-00C04F79EFBC}") = "ETL.Infraestructura", "..\ETL.Infraestructura\ETL.Infraestructura.csproj", "{95FB3424-D59F-424B-8043-6B0201EBB09D}"
EndProject
Global
	GlobalSection(SolutionConfigurationPlatforms) = preSolution
		Debug|Any CPU = Debug|Any CPU
		Release|Any CPU = Release|Any CPU
	EndGlobalSection
	GlobalSection(ProjectConfigurationPlatforms) = postSolution
		{7A1D1A95-9E44-4EDD-8EE0-2434FEDD0234}.Debug|Any CPU.ActiveCfg = Debug|Any CPU
		{7A1D1A95-9E44-4EDD-8EE0-2434FEDD0234}.Debug|Any CPU.Build.0 = Debug|Any CPU
		{7A1D1A95-9E44-4EDD-8EE0-2434FEDD0234}.Release|Any CPU.ActiveCfg = Release|Any CPU
		{7A1D1A95-9E44-4EDD-8EE0-2434FEDD0234}.Release|Any CPU.Build.0 = Release|Any CPU
		{BE3ADE95-F5D9-4C5F-8C98-34B2B5108D58}.Debug|Any CPU.ActiveCfg = Debug|Any CPU
		{BE3ADE95-F5D9-4C5F-8C98-34B2B5108D58}.Debug|Any CPU.Build.0 = Debug|Any CPU
		{BE3ADE95-F5D9-4C5F-8C98-34B2B5108D58}.Release|Any CPU.ActiveCfg = Release|Any CPU
		{BE3ADE95-F5D9-4C5F-8C98-34B2B5108D58}.Release|Any CPU.Build.0 = Release|Any CPU
		{95FB3424-D59F-424B-8043-6B0201EBB09D}.Debug|Any CPU.ActiveCfg = Debug|Any CPU
		{95FB3424-D59F-424B-8043-6B0201EBB09D}.Debug|Any CPU.Build.0 = Debug|Any CPU
		{95FB3424-D59F-424B-8043-6B0201EBB09D}.Release|Any CPU.ActiveCfg = Release|Any CPU
		{95FB3424-D59F-424B-8043-6B0201EBB09D}.Release|Any CPU.Build.0 = Release|Any CPU
	EndGlobalSection
	GlobalSection(SolutionProperties) = preSolution
		HideSolutionNode = FALSE
	EndGlobalSection
	GlobalSection(ExtensibilityGlobals) = postSolution
		SolutionGuid = {EDAFED3D-BB0F-47D4-8999-977419C22976}
	EndGlobalSection
EndGlobal
